
Microsoft Visual Studio Solution File, Format Version 12.00
# Visual Studio 14
VisualStudioVersion = 14.0.24720.0
MinimumVisualStudioVersion = 10.0.40219.1
Project("{FAE04EC0-301F-11D3-BF4B-00C04F79EFBC}") = "SimpleNMEASimulator.Console", "SimpleNMEASimulator.Console\SimpleNMEASimulator.Console.csproj", "{B53A11CD-861A-458A-846F-C3D60BBAD9FB}"
EndProject
Global
	GlobalSection(SolutionConfigurationPlatforms) = preSolution
		Debug|Any CPU = Debug|Any CPU
		Release|Any CPU = Release|Any CPU
	EndGlobalSection
	GlobalSection(ProjectConfigurationPlatforms) = postSolution
		{B53A11CD-861A-458A-846F-C3D60BBAD9FB}.Debug|Any CPU.ActiveCfg = Debug|Any CPU
		{B53A11CD-861A-458A-846F-C3D60BBAD9FB}.Debug|Any CPU.Build.0 = Debug|Any CPU
		{B53A11CD-861A-458A-846F-C3D60BBAD9FB}.Release|Any CPU.ActiveCfg = Release|Any CPU
		{B53A11CD-861A-458A-846F-C3D60BBAD9FB}.Release|Any CPU.Build.0 = Release|Any CPU
	EndGlobalSection
	GlobalSection(SolutionProperties) = preSolution
		HideSolutionNode = FALSE
	EndGlobalSection
EndGlobal
